
Microsoft Visual Studio Solution File, Format Version 12.00
# Visual Studio Version 16
VisualStudioVersion = 16.0.30517.126
MinimumVisualStudioVersion = 10.0.40219.1
Project("{FAE04EC0-301F-11D3-BF4B-00C04F79EFBC}") = "Umbraco.SiteBuilder", "Umbraco.Importer\Umbraco.SiteBuilder.csproj", "{E51A89CC-CC52-4455-943C-25F8F509E312}"
EndProject
Global
	GlobalSection(SolutionConfigurationPlatforms) = preSolution
		Debug|Any CPU = Debug|Any CPU
		Release|Any CPU = Release|Any CPU
	EndGlobalSection
	GlobalSection(ProjectConfigurationPlatforms) = postSolution
		{E51A89CC-CC52-4455-943C-25F8F509E312}.Debug|Any CPU.ActiveCfg = Debug|Any CPU
		{E51A89CC-CC52-4455-943C-25F8F509E312}.Debug|Any CPU.Build.0 = Debug|Any CPU
		{E51A89CC-CC52-4455-943C-25F8F509E312}.Release|Any CPU.ActiveCfg = Release|Any CPU
		{E51A89CC-CC52-4455-943C-25F8F509E312}.Release|Any CPU.Build.0 = Release|Any CPU
	EndGlobalSection
	GlobalSection(SolutionProperties) = preSolution
		HideSolutionNode = FALSE
	EndGlobalSection
	GlobalSection(ExtensibilityGlobals) = postSolution
		SolutionGuid = {E0CBF4AE-29AF-4FDC-B1AB-D592E26CBC76}
	EndGlobalSection
EndGlobal
